
Microsoft Visual Studio Solution File, Format Version 12.00
# Visual Studio 15
VisualStudioVersion = 15.0.27428.2037
MinimumVisualStudioVersion = 10.0.40219.1
Project("{8BC9CEB8-8B4A-11D0-8D11-00A0C91BC942}") = "InClassNumber7", "InClassNumber7\InClassNumber7.vcxproj", "{CC42629B-C8C0-4DC3-AEDD-7B97B5DA04AE}"
EndProject
Global
	GlobalSection(SolutionConfigurationPlatforms) = preSolution
		Debug|x64 = Debug|x64
		Debug|x86 = Debug|x86
		Release|x64 = Release|x64
		Release|x86 = Release|x86
	EndGlobalSection
	GlobalSection(ProjectConfigurationPlatforms) = postSolution
		{CC42629B-C8C0-4DC3-AEDD-7B97B5DA04AE}.Debug|x64.ActiveCfg = Debug|x64
		{CC42629B-C8C0-4DC3-AEDD-7B97B5DA04AE}.Debug|x64.Build.0 = Debug|x64
		{CC42629B-C8C0-4DC3-AEDD-7B97B5DA04AE}.Debug|x86.ActiveCfg = Debug|Win32
		{CC42629B-C8C0-4DC3-AEDD-7B97B5DA04AE}.Debug|x86.Build.0 = Debug|Win32
		{CC42629B-C8C0-4DC3-AEDD-7B97B5DA04AE}.Release|x64.ActiveCfg = Release|x64
		{CC42629B-C8C0-4DC3-AEDD-7B97B5DA04AE}.Release|x64.Build.0 = Release|x64
		{CC42629B-C8C0-4DC3-AEDD-7B97B5DA04AE}.Release|x86.ActiveCfg = Release|Win32
		{CC42629B-C8C0-4DC3-AEDD-7B97B5DA04AE}.Release|x86.Build.0 = Release|Win32
	EndGlobalSection
	GlobalSection(SolutionProperties) = preSolution
		HideSolutionNode = FALSE
	EndGlobalSection
	GlobalSection(ExtensibilityGlobals) = postSolution
		SolutionGuid = {4E60BF54-4C16-4A10-A810-D85A6C433677}
	EndGlobalSection
EndGlobal
